// !$*UTF8*$!
{
	archiveVersion = 1;
	classes = {
	};
	objectVersion = 56;
	objects = {

/* Begin PBXBuildFile section */
		5B27B3342C5E179200512678 /* AppDelegate.swift in Sources */ = {isa = PBXBuildFile; fileRef = 5B27B3332C5E179200512678 /* AppDelegate.swift */; };
		5B27B3362C5E179200512678 /* SceneDelegate.swift in Sources */ = {isa = PBXBuildFile; fileRef = 5B27B3352C5E179200512678 /* SceneDelegate.swift */; };
		5B27B3382C5E179200512678 /* LoginViewController.swift in Sources */ = {isa = PBXBuildFile; fileRef = 5B27B3372C5E179200512678 /* LoginViewController.swift */; };
		5B27B33B2C5E179200512678 /* Main.storyboard in Resources */ = {isa = PBXBuildFile; fileRef = 5B27B3392C5E179200512678 /* Main.storyboard */; };
		5B27B33D2C5E179600512678 /* Assets.xcassets in Resources */ = {isa = PBXBuildFile; fileRef = 5B27B33C2C5E179600512678 /* Assets.xcassets */; };
		5B27B3402C5E179600512678 /* LaunchScreen.storyboard in Resources */ = {isa = PBXBuildFile; fileRef = 5B27B33E2C5E179600512678 /* LaunchScreen.storyboard */; };
		5B3FFBEB2CA08CE000252B86 /* DetailPhoto.swift in Sources */ = {isa = PBXBuildFile; fileRef = 5B3FFBEA2CA08CE000252B86 /* DetailPhoto.swift */; };
		5B3FFBF22CA0CABC00252B86 /* DetailLabelDescription.swift in Sources */ = {isa = PBXBuildFile; fileRef = 5B3FFBF12CA0CABC00252B86 /* DetailLabelDescription.swift */; };
		5B3FFBF42CA0CAF200252B86 /* DetailLabelDescriptionConfiguration.swift in Sources */ = {isa = PBXBuildFile; fileRef = 5B3FFBF32CA0CAF200252B86 /* DetailLabelDescriptionConfiguration.swift */; };
		5B400D132CA1BBB2007F2210 /* ShadowView.swift in Sources */ = {isa = PBXBuildFile; fileRef = 5B400D122CA1BBB2007F2210 /* ShadowView.swift */; };
		5B597ACE2C6552D900BB392E /* TabBarViewController.swift in Sources */ = {isa = PBXBuildFile; fileRef = 5B597ACD2C6552D900BB392E /* TabBarViewController.swift */; };
		5B597AD12C655DEC00BB392E /* MoreViewController.swift in Sources */ = {isa = PBXBuildFile; fileRef = 5B597AD02C655DEC00BB392E /* MoreViewController.swift */; };
		5B597AD32C655E0400BB392E /* GalleryViewController.swift in Sources */ = {isa = PBXBuildFile; fileRef = 5B597AD22C655E0400BB392E /* GalleryViewController.swift */; };
		5B597AD52C67604100BB392E /* SomeTableViewCell.swift in Sources */ = {isa = PBXBuildFile; fileRef = 5B597AD42C67604100BB392E /* SomeTableViewCell.swift */; };
		5B72A29B2C67868600B99ACD /* Character.swift in Sources */ = {isa = PBXBuildFile; fileRef = 5B72A29A2C67868600B99ACD /* Character.swift */; };
		5B72A29D2C67883200B99ACD /* Model.swift in Sources */ = {isa = PBXBuildFile; fileRef = 5B72A29C2C67883100B99ACD /* Model.swift */; };
		5BCCD6362C890A3000DBEAEA /* GalleryModel.swift in Sources */ = {isa = PBXBuildFile; fileRef = 5BCCD6352C890A3000DBEAEA /* GalleryModel.swift */; };
		5BCEFFA02C89F17000B8B200 /* CustomCollectionLayout.swift in Sources */ = {isa = PBXBuildFile; fileRef = 5BCEFF9F2C89F17000B8B200 /* CustomCollectionLayout.swift */; };
		5BCEFFA22C8DC6D300B8B200 /* LikeView.swift in Sources */ = {isa = PBXBuildFile; fileRef = 5BCEFFA12C8DC6D200B8B200 /* LikeView.swift */; };
		5BD910072C74BB050053DDC9 /* Side.swift in Sources */ = {isa = PBXBuildFile; fileRef = 5BD910062C74BB040053DDC9 /* Side.swift */; };
		5BE9B22A2C7F9CEB0020BC55 /* SomeCollectionViewCell.swift in Sources */ = {isa = PBXBuildFile; fileRef = 5BE9B2292C7F9CEB0020BC55 /* SomeCollectionViewCell.swift */; };
		5BEBC7042C73C98E004A619D /* SomwXibCell.xib in Resources */ = {isa = PBXBuildFile; fileRef = 5BEBC7032C73C98E004A619D /* SomwXibCell.xib */; };
		5BFD460E2C9CBE8700F06931 /* DetailViewController.swift in Sources */ = {isa = PBXBuildFile; fileRef = 5BFD460D2C9CBE8700F06931 /* DetailViewController.swift */; };
		5BFD46112C9CC75400F06931 /* DetailView.swift in Sources */ = {isa = PBXBuildFile; fileRef = 5BFD46102C9CC75400F06931 /* DetailView.swift */; };
		5BFD46142C9CC84700F06931 /* DetailViewConfiguration.swift in Sources */ = {isa = PBXBuildFile; fileRef = 5BFD46132C9CC84700F06931 /* DetailViewConfiguration.swift */; };
		5BFD46172C9CD23700F06931 /* DetailLabelName.swift in Sources */ = {isa = PBXBuildFile; fileRef = 5BFD46162C9CD23700F06931 /* DetailLabelName.swift */; };
		5BFD46192C9CD29800F06931 /* DetailLabelNameConfiguration.swift in Sources */ = {isa = PBXBuildFile; fileRef = 5BFD46182C9CD29800F06931 /* DetailLabelNameConfiguration.swift */; };
/* End PBXBuildFile section */

/* Begin PBXFileReference section */
		5B27B3302C5E179200512678 /* UI elements.app */ = {isa = PBXFileReference; explicitFileType = wrapper.application; includeInIndex = 0; path = "UI elements.app"; sourceTree = BUILT_PRODUCTS_DIR; };
		5B27B3332C5E179200512678 /* AppDelegate.swift */ = {isa = PBXFileReference; lastKnownFileType = sourcecode.swift; path = AppDelegate.swift; sourceTree = "<group>"; };
		5B27B3352C5E179200512678 /* SceneDelegate.swift */ = {isa = PBXFileReference; lastKnownFileType = sourcecode.swift; path = SceneDelegate.swift; sourceTree = "<group>"; };
		5B27B3372C5E179200512678 /* LoginViewController.swift */ = {isa = PBXFileReference; lastKnownFileType = sourcecode.swift; path = LoginViewController.swift; sourceTree = "<group>"; };
		5B27B33A2C5E179200512678 /* Base */ = {isa = PBXFileReference; lastKnownFileType = file.storyboard; name = Base; path = Base.lproj/Main.storyboard; sourceTree = "<group>"; };
		5B27B33C2C5E179600512678 /* Assets.xcassets */ = {isa = PBXFileReference; lastKnownFileType = folder.assetcatalog; path = Assets.xcassets; sourceTree = "<group>"; };
		5B27B33F2C5E179600512678 /* Base */ = {isa = PBXFileReference; lastKnownFileType = file.storyboard; name = Base; path = Base.lproj/LaunchScreen.storyboard; sourceTree = "<group>"; };
		5B27B3412C5E179600512678 /* Info.plist */ = {isa = PBXFileReference; lastKnownFileType = text.plist.xml; path = Info.plist; sourceTree = "<group>"; };
		5B3FFBEA2CA08CE000252B86 /* DetailPhoto.swift */ = {isa = PBXFileReference; lastKnownFileType = sourcecode.swift; path = DetailPhoto.swift; sourceTree = "<group>"; };
		5B3FFBF12CA0CABC00252B86 /* DetailLabelDescription.swift */ = {isa = PBXFileReference; lastKnownFileType = sourcecode.swift; path = DetailLabelDescription.swift; sourceTree = "<group>"; };
		5B3FFBF32CA0CAF200252B86 /* DetailLabelDescriptionConfiguration.swift */ = {isa = PBXFileReference; lastKnownFileType = sourcecode.swift; path = DetailLabelDescriptionConfiguration.swift; sourceTree = "<group>"; };
		5B400D122CA1BBB2007F2210 /* ShadowView.swift */ = {isa = PBXFileReference; lastKnownFileType = sourcecode.swift; path = ShadowView.swift; sourceTree = "<group>"; };
		5B597ACD2C6552D900BB392E /* TabBarViewController.swift */ = {isa = PBXFileReference; lastKnownFileType = sourcecode.swift; path = TabBarViewController.swift; sourceTree = "<group>"; };
		5B597AD02C655DEC00BB392E /* MoreViewController.swift */ = {isa = PBXFileReference; lastKnownFileType = sourcecode.swift; path = MoreViewController.swift; sourceTree = "<group>"; };
		5B597AD22C655E0400BB392E /* GalleryViewController.swift */ = {isa = PBXFileReference; lastKnownFileType = sourcecode.swift; path = GalleryViewController.swift; sourceTree = "<group>"; };
		5B597AD42C67604100BB392E /* SomeTableViewCell.swift */ = {isa = PBXFileReference; lastKnownFileType = sourcecode.swift; path = SomeTableViewCell.swift; sourceTree = "<group>"; };
		5B72A29A2C67868600B99ACD /* Character.swift */ = {isa = PBXFileReference; lastKnownFileType = sourcecode.swift; path = Character.swift; sourceTree = "<group>"; };
		5B72A29C2C67883100B99ACD /* Model.swift */ = {isa = PBXFileReference; lastKnownFileType = sourcecode.swift; path = Model.swift; sourceTree = "<group>"; };
		5BCCD6352C890A3000DBEAEA /* GalleryModel.swift */ = {isa = PBXFileReference; lastKnownFileType = sourcecode.swift; path = GalleryModel.swift; sourceTree = "<group>"; };
		5BCEFF9F2C89F17000B8B200 /* CustomCollectionLayout.swift */ = {isa = PBXFileReference; lastKnownFileType = sourcecode.swift; path = CustomCollectionLayout.swift; sourceTree = "<group>"; };
		5BCEFFA12C8DC6D200B8B200 /* LikeView.swift */ = {isa = PBXFileReference; lastKnownFileType = sourcecode.swift; path = LikeView.swift; sourceTree = "<group>"; };
		5BD910062C74BB040053DDC9 /* Side.swift */ = {isa = PBXFileReference; lastKnownFileType = sourcecode.swift; path = Side.swift; sourceTree = "<group>"; };
		5BE9B2292C7F9CEB0020BC55 /* SomeCollectionViewCell.swift */ = {isa = PBXFileReference; lastKnownFileType = sourcecode.swift; path = SomeCollectionViewCell.swift; sourceTree = "<group>"; };
		5BEBC7032C73C98E004A619D /* SomwXibCell.xib */ = {isa = PBXFileReference; lastKnownFileType = file.xib; path = SomwXibCell.xib; sourceTree = "<group>"; };
		5BFD460D2C9CBE8700F06931 /* DetailViewController.swift */ = {isa = PBXFileReference; lastKnownFileType = sourcecode.swift; path = DetailViewController.swift; sourceTree = "<group>"; };
		5BFD46102C9CC75400F06931 /* DetailView.swift */ = {isa = PBXFileReference; lastKnownFileType = sourcecode.swift; path = DetailView.swift; sourceTree = "<group>"; };
		5BFD46132C9CC84700F06931 /* DetailViewConfiguration.swift */ = {isa = PBXFileReference; lastKnownFileType = sourcecode.swift; path = DetailViewConfiguration.swift; sourceTree = "<group>"; };
		5BFD46162C9CD23700F06931 /* DetailLabelName.swift */ = {isa = PBXFileReference; lastKnownFileType = sourcecode.swift; path = DetailLabelName.swift; sourceTree = "<group>"; };
		5BFD46182C9CD29800F06931 /* DetailLabelNameConfiguration.swift */ = {isa = PBXFileReference; lastKnownFileType = sourcecode.swift; path = DetailLabelNameConfiguration.swift; sourceTree = "<group>"; };
/* End PBXFileReference section */

/* Begin PBXFrameworksBuildPhase section */
		5B27B32D2C5E179200512678 /* Frameworks */ = {
			isa = PBXFrameworksBuildPhase;
			buildActionMask = 2147483647;
			files = (
			);
			runOnlyForDeploymentPostprocessing = 0;
		};
/* End PBXFrameworksBuildPhase section */

/* Begin PBXGroup section */
		5B27B3272C5E179200512678 = {
			isa = PBXGroup;
			children = (
				5B27B3322C5E179200512678 /* UI elements */,
				5B27B3312C5E179200512678 /* Products */,
			);
			sourceTree = "<group>";
		};
		5B27B3312C5E179200512678 /* Products */ = {
			isa = PBXGroup;
			children = (
				5B27B3302C5E179200512678 /* UI elements.app */,
			);
			name = Products;
			sourceTree = "<group>";
		};
		5B27B3322C5E179200512678 /* UI elements */ = {
			isa = PBXGroup;
			children = (
				5B72A2992C67862D00B99ACD /* Model */,
				5B27B3332C5E179200512678 /* AppDelegate.swift */,
				5B27B3352C5E179200512678 /* SceneDelegate.swift */,
				5B597ACF2C655C1B00BB392E /* Presentation */,
				5B27B3392C5E179200512678 /* Main.storyboard */,
				5B27B33C2C5E179600512678 /* Assets.xcassets */,
				5B27B33E2C5E179600512678 /* LaunchScreen.storyboard */,
				5B27B3412C5E179600512678 /* Info.plist */,
			);
			path = "UI elements";
			sourceTree = "<group>";
		};
		5B3FFBE92CA08C9000252B86 /* DetailPhoto */ = {
			isa = PBXGroup;
			children = (
				5B3FFBEA2CA08CE000252B86 /* DetailPhoto.swift */,
				5B400D122CA1BBB2007F2210 /* ShadowView.swift */,
			);
			path = DetailPhoto;
			sourceTree = "<group>";
		};
		5B3FFBF02CA0CA2B00252B86 /* DetailDescription */ = {
			isa = PBXGroup;
			children = (
				5B3FFBF12CA0CABC00252B86 /* DetailLabelDescription.swift */,
				5B3FFBF32CA0CAF200252B86 /* DetailLabelDescriptionConfiguration.swift */,
			);
			path = DetailDescription;
			sourceTree = "<group>";
		};
		5B597ACF2C655C1B00BB392E /* Presentation */ = {
			isa = PBXGroup;
			children = (
				5BFD460F2C9CC6E300F06931 /* Detail */,
				5BE9B22B2C7FBE700020BC55 /* Gallery */,
				5BEBC7032C73C98E004A619D /* SomwXibCell.xib */,
				5B27B3372C5E179200512678 /* LoginViewController.swift */,
				5B597AD02C655DEC00BB392E /* MoreViewController.swift */,
				5B597ACD2C6552D900BB392E /* TabBarViewController.swift */,
				5B597AD42C67604100BB392E /* SomeTableViewCell.swift */,
			);
			path = Presentation;
			sourceTree = "<group>";
		};
		5B72A2992C67862D00B99ACD /* Model */ = {
			isa = PBXGroup;
			children = (
				5B72A29A2C67868600B99ACD /* Character.swift */,
				5B72A29C2C67883100B99ACD /* Model.swift */,
				5BD910062C74BB040053DDC9 /* Side.swift */,
				5BCCD6352C890A3000DBEAEA /* GalleryModel.swift */,
			);
			path = Model;
			sourceTree = "<group>";
		};
		5BE9B22B2C7FBE700020BC55 /* Gallery */ = {
			isa = PBXGroup;
			children = (
				5BE9B2292C7F9CEB0020BC55 /* SomeCollectionViewCell.swift */,
				5B597AD22C655E0400BB392E /* GalleryViewController.swift */,
				5BCEFF9F2C89F17000B8B200 /* CustomCollectionLayout.swift */,
				5BCEFFA12C8DC6D200B8B200 /* LikeView.swift */,
			);
			path = Gallery;
			sourceTree = "<group>";
		};
		5BFD460F2C9CC6E300F06931 /* Detail */ = {
			isa = PBXGroup;
			children = (
				5B3FFBF02CA0CA2B00252B86 /* DetailDescription */,
				5B3FFBE92CA08C9000252B86 /* DetailPhoto */,
				5BFD46152C9CD20C00F06931 /* DetailLabelName */,
				5BFD460D2C9CBE8700F06931 /* DetailViewController.swift */,
				5BFD46122C9CC82700F06931 /* DetailView */,
			);
			path = Detail;
			sourceTree = "<group>";
		};
		5BFD46122C9CC82700F06931 /* DetailView */ = {
			isa = PBXGroup;
			children = (
				5BFD46102C9CC75400F06931 /* DetailView.swift */,
				5BFD46132C9CC84700F06931 /* DetailViewConfiguration.swift */,
			);
			path = DetailView;
			sourceTree = "<group>";
		};
		5BFD46152C9CD20C00F06931 /* DetailLabelName */ = {
			isa = PBXGroup;
			children = (
				5BFD46162C9CD23700F06931 /* DetailLabelName.swift */,
				5BFD46182C9CD29800F06931 /* DetailLabelNameConfiguration.swift */,
			);
			path = DetailLabelName;
			sourceTree = "<group>";
		};
/* End PBXGroup section */

/* Begin PBXNativeTarget section */
		5B27B32F2C5E179200512678 /* UI elements */ = {
			isa = PBXNativeTarget;
			buildConfigurationList = 5B27B3442C5E179600512678 /* Build configuration list for PBXNativeTarget "UI elements" */;
			buildPhases = (
				5B27B32C2C5E179200512678 /* Sources */,
				5B27B32D2C5E179200512678 /* Frameworks */,
				5B27B32E2C5E179200512678 /* Resources */,
			);
			buildRules = (
			);
			dependencies = (
			);
			name = "UI elements";
			productName = "UI elements";
			productReference = 5B27B3302C5E179200512678 /* UI elements.app */;
			productType = "com.apple.product-type.application";
		};
/* End PBXNativeTarget section */

/* Begin PBXProject section */
		5B27B3282C5E179200512678 /* Project object */ = {
			isa = PBXProject;
			attributes = {
				BuildIndependentTargetsInParallel = 1;
				LastSwiftUpdateCheck = 1500;
				LastUpgradeCheck = 1500;
				TargetAttributes = {
					5B27B32F2C5E179200512678 = {
						CreatedOnToolsVersion = 15.0;
					};
				};
			};
			buildConfigurationList = 5B27B32B2C5E179200512678 /* Build configuration list for PBXProject "UI elements" */;
			compatibilityVersion = "Xcode 14.0";
			developmentRegion = en;
			hasScannedForEncodings = 0;
			knownRegions = (
				en,
				Base,
			);
			mainGroup = 5B27B3272C5E179200512678;
			productRefGroup = 5B27B3312C5E179200512678 /* Products */;
			projectDirPath = "";
			projectRoot = "";
			targets = (
				5B27B32F2C5E179200512678 /* UI elements */,
			);
		};
/* End PBXProject section */

/* Begin PBXResourcesBuildPhase section */
		5B27B32E2C5E179200512678 /* Resources */ = {
			isa = PBXResourcesBuildPhase;
			buildActionMask = 2147483647;
			files = (
				5B27B3402C5E179600512678 /* LaunchScreen.storyboard in Resources */,
				5BEBC7042C73C98E004A619D /* SomwXibCell.xib in Resources */,
				5B27B33D2C5E179600512678 /* Assets.xcassets in Resources */,
				5B27B33B2C5E179200512678 /* Main.storyboard in Resources */,
			);
			runOnlyForDeploymentPostprocessing = 0;
		};
/* End PBXResourcesBuildPhase section */

/* Begin PBXSourcesBuildPhase section */
		5B27B32C2C5E179200512678 /* Sources */ = {
			isa = PBXSourcesBuildPhase;
			buildActionMask = 2147483647;
			files = (
				5B72A29D2C67883200B99ACD /* Model.swift in Sources */,
				5BCEFFA02C89F17000B8B200 /* CustomCollectionLayout.swift in Sources */,
				5BE9B22A2C7F9CEB0020BC55 /* SomeCollectionViewCell.swift in Sources */,
				5B597AD12C655DEC00BB392E /* MoreViewController.swift in Sources */,
				5BD910072C74BB050053DDC9 /* Side.swift in Sources */,
				5B597ACE2C6552D900BB392E /* TabBarViewController.swift in Sources */,
				5B597AD32C655E0400BB392E /* GalleryViewController.swift in Sources */,
				5BFD46142C9CC84700F06931 /* DetailViewConfiguration.swift in Sources */,
				5B3FFBF22CA0CABC00252B86 /* DetailLabelDescription.swift in Sources */,
				5BFD46172C9CD23700F06931 /* DetailLabelName.swift in Sources */,
				5B3FFBEB2CA08CE000252B86 /* DetailPhoto.swift in Sources */,
				5B3FFBF42CA0CAF200252B86 /* DetailLabelDescriptionConfiguration.swift in Sources */,
				5BCEFFA22C8DC6D300B8B200 /* LikeView.swift in Sources */,
				5B400D132CA1BBB2007F2210 /* ShadowView.swift in Sources */,
				5B72A29B2C67868600B99ACD /* Character.swift in Sources */,
				5BFD46112C9CC75400F06931 /* DetailView.swift in Sources */,
				5B27B3382C5E179200512678 /* LoginViewController.swift in Sources */,
				5B27B3342C5E179200512678 /* AppDelegate.swift in Sources */,
				5B27B3362C5E179200512678 /* SceneDelegate.swift in Sources */,
				5BFD46192C9CD29800F06931 /* DetailLabelNameConfiguration.swift in Sources */,
				5BFD460E2C9CBE8700F06931 /* DetailViewController.swift in Sources */,
				5BCCD6362C890A3000DBEAEA /* GalleryModel.swift in Sources */,
				5B597AD52C67604100BB392E /* SomeTableViewCell.swift in Sources */,
			);
			runOnlyForDeploymentPostprocessing = 0;
		};
/* End PBXSourcesBuildPhase section */

/* Begin PBXVariantGroup section */
		5B27B3392C5E179200512678 /* Main.storyboard */ = {
			isa = PBXVariantGroup;
			children = (
				5B27B33A2C5E179200512678 /* Base */,
			);
			name = Main.storyboard;
			sourceTree = "<group>";
		};
		5B27B33E2C5E179600512678 /* LaunchScreen.storyboard */ = {
			isa = PBXVariantGroup;
			children = (
				5B27B33F2C5E179600512678 /* Base */,
			);
			name = LaunchScreen.storyboard;
			sourceTree = "<group>";
		};
/* End PBXVariantGroup section */

/* Begin XCBuildConfiguration section */
		5B27B3422C5E179600512678 /* Debug */ = {
			isa = XCBuildConfiguration;
			buildSettings = {
				ALWAYS_SEARCH_USER_PATHS = NO;
				ASSETCATALOG_COMPILER_GENERATE_SWIFT_ASSET_SYMBOL_EXTENSIONS = YES;
				CLANG_ANALYZER_NONNULL = YES;
				CLANG_ANALYZER_NUMBER_OBJECT_CONVERSION = YES_AGGRESSIVE;
				CLANG_CXX_LANGUAGE_STANDARD = "gnu++20";
				CLANG_ENABLE_MODULES = YES;
				CLANG_ENABLE_OBJC_ARC = YES;
				CLANG_ENABLE_OBJC_WEAK = YES;
				CLANG_WARN_BLOCK_CAPTURE_AUTORELEASING = YES;
				CLANG_WARN_BOOL_CONVERSION = YES;
				CLANG_WARN_COMMA = YES;
				CLANG_WARN_CONSTANT_CONVERSION = YES;
				CLANG_WARN_DEPRECATED_OBJC_IMPLEMENTATIONS = YES;
				CLANG_WARN_DIRECT_OBJC_ISA_USAGE = YES_ERROR;
				CLANG_WARN_DOCUMENTATION_COMMENTS = YES;
				CLANG_WARN_EMPTY_BODY = YES;
				CLANG_WARN_ENUM_CONVERSION = YES;
				CLANG_WARN_INFINITE_RECURSION = YES;
				CLANG_WARN_INT_CONVERSION = YES;
				CLANG_WARN_NON_LITERAL_NULL_CONVERSION = YES;
				CLANG_WARN_OBJC_IMPLICIT_RETAIN_SELF = YES;
				CLANG_WARN_OBJC_LITERAL_CONVERSION = YES;
				CLANG_WARN_OBJC_ROOT_CLASS = YES_ERROR;
				CLANG_WARN_QUOTED_INCLUDE_IN_FRAMEWORK_HEADER = YES;
				CLANG_WARN_RANGE_LOOP_ANALYSIS = YES;
				CLANG_WARN_STRICT_PROTOTYPES = YES;
				CLANG_WARN_SUSPICIOUS_MOVE = YES;
				CLANG_WARN_UNGUARDED_AVAILABILITY = YES_AGGRESSIVE;
				CLANG_WARN_UNREACHABLE_CODE = YES;
				CLANG_WARN__DUPLICATE_METHOD_MATCH = YES;
				COPY_PHASE_STRIP = NO;
				DEBUG_INFORMATION_FORMAT = dwarf;
				ENABLE_STRICT_OBJC_MSGSEND = YES;
				ENABLE_TESTABILITY = YES;
				ENABLE_USER_SCRIPT_SANDBOXING = YES;
				GCC_C_LANGUAGE_STANDARD = gnu17;
				GCC_DYNAMIC_NO_PIC = NO;
				GCC_NO_COMMON_BLOCKS = YES;
				GCC_OPTIMIZATION_LEVEL = 0;
				GCC_PREPROCESSOR_DEFINITIONS = (
					"DEBUG=1",
					"$(inherited)",
				);
				GCC_WARN_64_TO_32_BIT_CONVERSION = YES;
				GCC_WARN_ABOUT_RETURN_TYPE = YES_ERROR;
				GCC_WARN_UNDECLARED_SELECTOR = YES;
				GCC_WARN_UNINITIALIZED_AUTOS = YES_AGGRESSIVE;
				GCC_WARN_UNUSED_FUNCTION = YES;
				GCC_WARN_UNUSED_VARIABLE = YES;
				IPHONEOS_DEPLOYMENT_TARGET = 17.0;
				LOCALIZATION_PREFERS_STRING_CATALOGS = YES;
				MTL_ENABLE_DEBUG_INFO = INCLUDE_SOURCE;
				MTL_FAST_MATH = YES;
				ONLY_ACTIVE_ARCH = YES;
				SDKROOT = iphoneos;
				SWIFT_ACTIVE_COMPILATION_CONDITIONS = "DEBUG $(inherited)";
				SWIFT_OPTIMIZATION_LEVEL = "-Onone";
			};
			name = Debug;
		};
		5B27B3432C5E179600512678 /* Release */ = {
			isa = XCBuildConfiguration;
			buildSettings = {
				ALWAYS_SEARCH_USER_PATHS = NO;
				ASSETCATALOG_COMPILER_GENERATE_SWIFT_ASSET_SYMBOL_EXTENSIONS = YES;
				CLANG_ANALYZER_NONNULL = YES;
				CLANG_ANALYZER_NUMBER_OBJECT_CONVERSION = YES_AGGRESSIVE;
				CLANG_CXX_LANGUAGE_STANDARD = "gnu++20";
				CLANG_ENABLE_MODULES = YES;
				CLANG_ENABLE_OBJC_ARC = YES;
				CLANG_ENABLE_OBJC_WEAK = YES;
				CLANG_WARN_BLOCK_CAPTURE_AUTORELEASING = YES;
				CLANG_WARN_BOOL_CONVERSION = YES;
				CLANG_WARN_COMMA = YES;
				CLANG_WARN_CONSTANT_CONVERSION = YES;
				CLANG_WARN_DEPRECATED_OBJC_IMPLEMENTATIONS = YES;
				CLANG_WARN_DIRECT_OBJC_ISA_USAGE = YES_ERROR;
				CLANG_WARN_DOCUMENTATION_COMMENTS = YES;
				CLANG_WARN_EMPTY_BODY = YES;
				CLANG_WARN_ENUM_CONVERSION = YES;
				CLANG_WARN_INFINITE_RECURSION = YES;
				CLANG_WARN_INT_CONVERSION = YES;
				CLANG_WARN_NON_LITERAL_NULL_CONVERSION = YES;
				CLANG_WARN_OBJC_IMPLICIT_RETAIN_SELF = YES;
				CLANG_WARN_OBJC_LITERAL_CONVERSION = YES;
				CLANG_WARN_OBJC_ROOT_CLASS = YES_ERROR;
				CLANG_WARN_QUOTED_INCLUDE_IN_FRAMEWORK_HEADER = YES;
				CLANG_WARN_RANGE_LOOP_ANALYSIS = YES;
				CLANG_WARN_STRICT_PROTOTYPES = YES;
				CLANG_WARN_SUSPICIOUS_MOVE = YES;
				CLANG_WARN_UNGUARDED_AVAILABILITY = YES_AGGRESSIVE;
				CLANG_WARN_UNREACHABLE_CODE = YES;
				CLANG_WARN__DUPLICATE_METHOD_MATCH = YES;
				COPY_PHASE_STRIP = NO;
				DEBUG_INFORMATION_FORMAT = "dwarf-with-dsym";
				ENABLE_NS_ASSERTIONS = NO;
				ENABLE_STRICT_OBJC_MSGSEND = YES;
				ENABLE_USER_SCRIPT_SANDBOXING = YES;
				GCC_C_LANGUAGE_STANDARD = gnu17;
				GCC_NO_COMMON_BLOCKS = YES;
				GCC_WARN_64_TO_32_BIT_CONVERSION = YES;
				GCC_WARN_ABOUT_RETURN_TYPE = YES_ERROR;
				GCC_WARN_UNDECLARED_SELECTOR = YES;
				GCC_WARN_UNINITIALIZED_AUTOS = YES_AGGRESSIVE;
				GCC_WARN_UNUSED_FUNCTION = YES;
				GCC_WARN_UNUSED_VARIABLE = YES;
				IPHONEOS_DEPLOYMENT_TARGET = 17.0;
				LOCALIZATION_PREFERS_STRING_CATALOGS = YES;
				MTL_ENABLE_DEBUG_INFO = NO;
				MTL_FAST_MATH = YES;
				SDKROOT = iphoneos;
				SWIFT_COMPILATION_MODE = wholemodule;
				VALIDATE_PRODUCT = YES;
			};
			name = Release;
		};
		5B27B3452C5E179600512678 /* Debug */ = {
			isa = XCBuildConfiguration;
			buildSettings = {
				ASSETCATALOG_COMPILER_APPICON_NAME = AppIcon;
				ASSETCATALOG_COMPILER_GLOBAL_ACCENT_COLOR_NAME = AccentColor;
				CODE_SIGN_STYLE = Automatic;
				CURRENT_PROJECT_VERSION = 1;
				GENERATE_INFOPLIST_FILE = YES;
				INFOPLIST_FILE = "UI elements/Info.plist";
				INFOPLIST_KEY_UIApplicationSupportsIndirectInputEvents = YES;
				INFOPLIST_KEY_UILaunchStoryboardName = LaunchScreen;
				INFOPLIST_KEY_UIMainStoryboardFile = Main;
				INFOPLIST_KEY_UISupportedInterfaceOrientations_iPad = "UIInterfaceOrientationPortrait UIInterfaceOrientationPortraitUpsideDown UIInterfaceOrientationLandscapeLeft UIInterfaceOrientationLandscapeRight";
				INFOPLIST_KEY_UISupportedInterfaceOrientations_iPhone = "UIInterfaceOrientationPortrait UIInterfaceOrientationLandscapeLeft UIInterfaceOrientationLandscapeRight";
				LD_RUNPATH_SEARCH_PATHS = (
					"$(inherited)",
					"@executable_path/Frameworks",
				);
				MARKETING_VERSION = 1.0;
				PRODUCT_BUNDLE_IDENTIFIER = "com.lessons.UI-elements";
				PRODUCT_NAME = "$(TARGET_NAME)";
				SWIFT_EMIT_LOC_STRINGS = YES;
				SWIFT_VERSION = 5.0;
				TARGETED_DEVICE_FAMILY = "1,2";
			};
			name = Debug;
		};
		5B27B3462C5E179600512678 /* Release */ = {
			isa = XCBuildConfiguration;
			buildSettings = {
				ASSETCATALOG_COMPILER_APPICON_NAME = AppIcon;
				ASSETCATALOG_COMPILER_GLOBAL_ACCENT_COLOR_NAME = AccentColor;
				CODE_SIGN_STYLE = Automatic;
				CURRENT_PROJECT_VERSION = 1;
				GENERATE_INFOPLIST_FILE = YES;
				INFOPLIST_FILE = "UI elements/Info.plist";
				INFOPLIST_KEY_UIApplicationSupportsIndirectInputEvents = YES;
				INFOPLIST_KEY_UILaunchStoryboardName = LaunchScreen;
				INFOPLIST_KEY_UIMainStoryboardFile = Main;
				INFOPLIST_KEY_UISupportedInterfaceOrientations_iPad = "UIInterfaceOrientationPortrait UIInterfaceOrientationPortraitUpsideDown UIInterfaceOrientationLandscapeLeft UIInterfaceOrientationLandscapeRight";
				INFOPLIST_KEY_UISupportedInterfaceOrientations_iPhone = "UIInterfaceOrientationPortrait UIInterfaceOrientationLandscapeLeft UIInterfaceOrientationLandscapeRight";
				LD_RUNPATH_SEARCH_PATHS = (
					"$(inherited)",
					"@executable_path/Frameworks",
				);
				MARKETING_VERSION = 1.0;
				PRODUCT_BUNDLE_IDENTIFIER = "com.lessons.UI-elements";
				PRODUCT_NAME = "$(TARGET_NAME)";
				SWIFT_EMIT_LOC_STRINGS = YES;
				SWIFT_VERSION = 5.0;
				TARGETED_DEVICE_FAMILY = "1,2";
			};
			name = Release;
		};
/* End XCBuildConfiguration section */

/* Begin XCConfigurationList section */
		5B27B32B2C5E179200512678 /* Build configuration list for PBXProject "UI elements" */ = {
			isa = XCConfigurationList;
			buildConfigurations = (
				5B27B3422C5E179600512678 /* Debug */,
				5B27B3432C5E179600512678 /* Release */,
			);
			defaultConfigurationIsVisible = 0;
			defaultConfigurationName = Release;
		};
		5B27B3442C5E179600512678 /* Build configuration list for PBXNativeTarget "UI elements" */ = {
			isa = XCConfigurationList;
			buildConfigurations = (
				5B27B3452C5E179600512678 /* Debug */,
				5B27B3462C5E179600512678 /* Release */,
			);
			defaultConfigurationIsVisible = 0;
			defaultConfigurationName = Release;
		};
/* End XCConfigurationList section */
	};
	rootObject = 5B27B3282C5E179200512678 /* Project object */;
}
